
Microsoft Visual Studio Solution File, Format Version 12.00
# Visual Studio Version 17
VisualStudioVersion = 17.9.34728.123
MinimumVisualStudioVersion = 10.0.40219.1
Project("{FAE04EC0-301F-11D3-BF4B-00C04F79EFBC}") = "QuanLiNhaHang", "QuanLiNhaHang\QuanLiNhaHang.csproj", "{66F36DDC-C98C-4FF7-9A94-D925A1626F93}"
EndProject
Global
	GlobalSection(SolutionConfigurationPlatforms) = preSolution
		Debug|Any CPU = Debug|Any CPU
		Release|Any CPU = Release|Any CPU
	EndGlobalSection
	GlobalSection(ProjectConfigurationPlatforms) = postSolution
		{66F36DDC-C98C-4FF7-9A94-D925A1626F93}.Debug|Any CPU.ActiveCfg = Debug|Any CPU
		{66F36DDC-C98C-4FF7-9A94-D925A1626F93}.Debug|Any CPU.Build.0 = Debug|Any CPU
		{66F36DDC-C98C-4FF7-9A94-D925A1626F93}.Release|Any CPU.ActiveCfg = Release|Any CPU
		{66F36DDC-C98C-4FF7-9A94-D925A1626F93}.Release|Any CPU.Build.0 = Release|Any CPU
	EndGlobalSection
	GlobalSection(SolutionProperties) = preSolution
		HideSolutionNode = FALSE
	EndGlobalSection
	GlobalSection(ExtensibilityGlobals) = postSolution
		SolutionGuid = {E6247511-1B63-4673-902A-D5A1109108F5}
	EndGlobalSection
EndGlobal
